
Microsoft Visual Studio Solution File, Format Version 12.00
# Visual Studio Version 16
VisualStudioVersion = 16.0.33927.289
MinimumVisualStudioVersion = 10.0.40219.1
Project("{FAE04EC0-301F-11D3-BF4B-00C04F79EFBC}") = "Forms Prueba 4", "Forms Prueba 4.csproj", "{516A666F-9565-459A-A969-BD7BBD119C2F}"
EndProject
Global
	GlobalSection(SolutionConfigurationPlatforms) = preSolution
		Debug|Any CPU = Debug|Any CPU
		Release|Any CPU = Release|Any CPU
	EndGlobalSection
	GlobalSection(ProjectConfigurationPlatforms) = postSolution
		{516A666F-9565-459A-A969-BD7BBD119C2F}.Debug|Any CPU.ActiveCfg = Debug|Any CPU
		{516A666F-9565-459A-A969-BD7BBD119C2F}.Debug|Any CPU.Build.0 = Debug|Any CPU
		{516A666F-9565-459A-A969-BD7BBD119C2F}.Release|Any CPU.ActiveCfg = Release|Any CPU
		{516A666F-9565-459A-A969-BD7BBD119C2F}.Release|Any CPU.Build.0 = Release|Any CPU
	EndGlobalSection
	GlobalSection(SolutionProperties) = preSolution
		HideSolutionNode = FALSE
	EndGlobalSection
	GlobalSection(ExtensibilityGlobals) = postSolution
		SolutionGuid = {F32044EC-5DC6-45CF-9FD3-5E8DCC913A39}
	EndGlobalSection
EndGlobal
